
Microsoft Visual Studio Solution File, Format Version 12.00
# Visual Studio Version 17
VisualStudioVersion = 17.13.35919.96
MinimumVisualStudioVersion = 10.0.40219.1
Project("{8BC9CEB8-8B4A-11D0-8D11-00A0C91BC942}") = "NonlinearDataStructure", "NonlinearDataStructure\NonlinearDataStructure.vcxproj", "{55ACB639-A6B8-4457-93D4-FA8D070F0503}"
EndProject
Project("{8BC9CEB8-8B4A-11D0-8D11-00A0C91BC942}") = "NonlinearProblems", "NonlinearProblems\NonlinearProblems.vcxproj", "{102B8219-B4F3-4463-9499-E9704426D963}"
EndProject
Global
	GlobalSection(SolutionConfigurationPlatforms) = preSolution
		Debug|x64 = Debug|x64
		Debug|x86 = Debug|x86
		Release|x64 = Release|x64
		Release|x86 = Release|x86
	EndGlobalSection
	GlobalSection(ProjectConfigurationPlatforms) = postSolution
		{55ACB639-A6B8-4457-93D4-FA8D070F0503}.Debug|x64.ActiveCfg = Debug|x64
		{55ACB639-A6B8-4457-93D4-FA8D070F0503}.Debug|x64.Build.0 = Debug|x64
		{55ACB639-A6B8-4457-93D4-FA8D070F0503}.Debug|x86.ActiveCfg = Debug|Win32
		{55ACB639-A6B8-4457-93D4-FA8D070F0503}.Debug|x86.Build.0 = Debug|Win32
		{55ACB639-A6B8-4457-93D4-FA8D070F0503}.Release|x64.ActiveCfg = Release|x64
		{55ACB639-A6B8-4457-93D4-FA8D070F0503}.Release|x64.Build.0 = Release|x64
		{55ACB639-A6B8-4457-93D4-FA8D070F0503}.Release|x86.ActiveCfg = Release|Win32
		{55ACB639-A6B8-4457-93D4-FA8D070F0503}.Release|x86.Build.0 = Release|Win32
		{102B8219-B4F3-4463-9499-E9704426D963}.Debug|x64.ActiveCfg = Debug|x64
		{102B8219-B4F3-4463-9499-E9704426D963}.Debug|x64.Build.0 = Debug|x64
		{102B8219-B4F3-4463-9499-E9704426D963}.Debug|x86.ActiveCfg = Debug|Win32
		{102B8219-B4F3-4463-9499-E9704426D963}.Debug|x86.Build.0 = Debug|Win32
		{102B8219-B4F3-4463-9499-E9704426D963}.Release|x64.ActiveCfg = Release|x64
		{102B8219-B4F3-4463-9499-E9704426D963}.Release|x64.Build.0 = Release|x64
		{102B8219-B4F3-4463-9499-E9704426D963}.Release|x86.ActiveCfg = Release|Win32
		{102B8219-B4F3-4463-9499-E9704426D963}.Release|x86.Build.0 = Release|Win32
	EndGlobalSection
	GlobalSection(SolutionProperties) = preSolution
		HideSolutionNode = FALSE
	EndGlobalSection
	GlobalSection(ExtensibilityGlobals) = postSolution
		SolutionGuid = {62C66414-9300-4D69-B3F2-7D30A7D61FC0}
	EndGlobalSection
EndGlobal
